
Microsoft Visual Studio Solution File, Format Version 12.00
# Visual Studio Version 17
VisualStudioVersion = 17.3.32819.101
MinimumVisualStudioVersion = 10.0.40219.1
Project("{FAE04EC0-301F-11D3-BF4B-00C04F79EFBC}") = "WindowsFormsApp4", "WindowsFormsApp4\WindowsFormsApp4.csproj", "{96EF9D5F-6C1D-4826-9E7C-318BC6005AEC}"
EndProject
Global
	GlobalSection(SolutionConfigurationPlatforms) = preSolution
		Debug|Any CPU = Debug|Any CPU
		Release|Any CPU = Release|Any CPU
	EndGlobalSection
	GlobalSection(ProjectConfigurationPlatforms) = postSolution
		{96EF9D5F-6C1D-4826-9E7C-318BC6005AEC}.Debug|Any CPU.ActiveCfg = Debug|Any CPU
		{96EF9D5F-6C1D-4826-9E7C-318BC6005AEC}.Debug|Any CPU.Build.0 = Debug|Any CPU
		{96EF9D5F-6C1D-4826-9E7C-318BC6005AEC}.Release|Any CPU.ActiveCfg = Release|Any CPU
		{96EF9D5F-6C1D-4826-9E7C-318BC6005AEC}.Release|Any CPU.Build.0 = Release|Any CPU
	EndGlobalSection
	GlobalSection(SolutionProperties) = preSolution
		HideSolutionNode = FALSE
	EndGlobalSection
	GlobalSection(ExtensibilityGlobals) = postSolution
		SolutionGuid = {CC184DCE-13E8-4637-AD0D-7A66F25D6319}
	EndGlobalSection
EndGlobal
